
Microsoft Visual Studio Solution File, Format Version 12.00
# Visual Studio Version 17
VisualStudioVersion = 17.8.34330.188
MinimumVisualStudioVersion = 10.0.40219.1
Project("{FAE04EC0-301F-11D3-BF4B-00C04F79EFBC}") = "CafeComFormacao", "CafeComFormacao\CafeComFormacao.csproj", "{B23F8CC2-FBAB-4D6D-B620-68F4A1D7342C}"
EndProject
Global
	GlobalSection(SolutionConfigurationPlatforms) = preSolution
		Debug|Any CPU = Debug|Any CPU
		Release|Any CPU = Release|Any CPU
	EndGlobalSection
	GlobalSection(ProjectConfigurationPlatforms) = postSolution
		{B23F8CC2-FBAB-4D6D-B620-68F4A1D7342C}.Debug|Any CPU.ActiveCfg = Debug|Any CPU
		{B23F8CC2-FBAB-4D6D-B620-68F4A1D7342C}.Debug|Any CPU.Build.0 = Debug|Any CPU
		{B23F8CC2-FBAB-4D6D-B620-68F4A1D7342C}.Release|Any CPU.ActiveCfg = Release|Any CPU
		{B23F8CC2-FBAB-4D6D-B620-68F4A1D7342C}.Release|Any CPU.Build.0 = Release|Any CPU
	EndGlobalSection
	GlobalSection(SolutionProperties) = preSolution
		HideSolutionNode = FALSE
	EndGlobalSection
	GlobalSection(ExtensibilityGlobals) = postSolution
		SolutionGuid = {1B235A26-14F1-461B-811A-F3013236771B}
	EndGlobalSection
EndGlobal
